<?xml version="1.0" encoding="utf-8"?>
<Project ToolsVersion="4.0" xmlns="http://schemas.microsoft.com/developer/msbuild/2003">
  <ItemGroup>
    <Filter Include="Source">
      <UniqueIdentifier>{ac1c75ae-9b24-42f0-a4be-b38381ad3efc}</UniqueIdentifier>
    </Filter>
    <Filter Include="Headers">
      <UniqueIdentifier>{57dd329a-7b17-4d57-947c-b5e82148adff}</UniqueIdentifier>
    </Filter>
  </ItemGroup>
  <ItemGroup>
    <ClInclude Include="interpreter.h">
      <Filter>Headers</Filter>
    </ClInclude>
    <ClInclude Include="main.h">
      <Filter>Headers</Filter>
    </ClInclude>
    <ClInclude Include="utils.h">
      <Filter>Headers</Filter>
    </ClInclude>
  </ItemGroup>
  <ItemGroup>
    <ClCompile Include="interpreter.c">
      <Filter>Source</Filter>
    </ClCompile>
    <ClCompile Include="main.c">
      <Filter>Source</Filter>
    </ClCompile>
    <ClCompile Include="utils.c">
      <Filter>Source</Filter>
    </ClCompile>
  </ItemGroup>
</Project>